<?xml version="1.0" encoding="UTF-8" standalone="yes" ?>
<CodeBlocks_project_file>
	<FileVersion major="1" minor="6" />
	<Project>
		<Option title="SiriusProject" />
		<Option pch_mode="2" />
		<Option compiler="gcc" />
		<Build>
			<Target title="Debug">
				<Option output="bin/Debug/SiriusEngine" prefix_auto="1" extension_auto="1" />
				<Option object_output="obj/Debug/" />
				<Option type="1" />
				<Option compiler="gcc" />
				<Compiler>
					<Add option="-g" />
					<Add directory="Examples/HelloWorld" />
					<Add directory="SiriusEngine/PScene" />
					<Add directory="SiriusEngine/PCore" />
				</Compiler>
				<Linker>
					<Add library="sfml-graphics-d" />
					<Add library="sfml-audio-d" />
					<Add library="sfml-window-d" />
					<Add library="sfml-network-d" />
					<Add library="sfml-system-d" />
				</Linker>
			</Target>
			<Target title="Release">
				<Option output="bin/Release/SiriusEngine" prefix_auto="1" extension_auto="1" />
				<Option object_output="obj/Release/" />
				<Option type="1" />
				<Option compiler="gcc" />
				<Compiler>
					<Add option="-O2" />
					<Add directory="Examples/HelloWorld" />
					<Add directory="SiriusEngine/PScene" />
					<Add directory="SiriusEngine/PCore" />
				</Compiler>
				<Linker>
					<Add option="-s" />
					<Add library="sfml-graphics" />
					<Add library="sfml-audio" />
					<Add library="sfml-window" />
					<Add library="sfml-network" />
					<Add library="sfml-system" />
				</Linker>
			</Target>
		</Build>
		<Compiler>
			<Add option="-Wall" />
			<Add option="-fexceptions" />
			<Add directory="../LIBS/SFML-2.1/include" />
		</Compiler>
		<Linker>
			<Add directory="../LIBS/SFML-2.1/lib" />
		</Linker>
		<Unit filename="Examples/HelloWorld/HelloWorld.cpp" />
		<Unit filename="Examples/HelloWorld/HelloWorld.hpp" />
		<Unit filename="SiriusEngine/PCore/Element.cpp" />
		<Unit filename="SiriusEngine/PCore/Element.hpp" />
		<Unit filename="SiriusEngine/PCore/Engine.cpp" />
		<Unit filename="SiriusEngine/PCore/Engine.hpp" />
		<Unit filename="SiriusEngine/PCore/ICore.hpp" />
		<Unit filename="SiriusEngine/PCore/ImageManager.cpp" />
		<Unit filename="SiriusEngine/PCore/ImageManager.hpp" />
		<Unit filename="SiriusEngine/PEvent/IEvent.hpp" />
		<Unit filename="SiriusEngine/PGame/IGame.hpp" />
		<Unit filename="SiriusEngine/PInterface/IInterface.hpp" />
		<Unit filename="SiriusEngine/PScene/IScene.hpp" />
		<Unit filename="SiriusEngine/PScene/Image.cpp" />
		<Unit filename="SiriusEngine/PScene/Image.hpp" />
		<Unit filename="SiriusEngine/PScene/Scene.cpp" />
		<Unit filename="SiriusEngine/PScene/Scene.hpp" />
		<Unit filename="SiriusEngine/PScene/Sprite.cpp" />
		<Unit filename="SiriusEngine/PScene/Sprite.hpp" />
		<Unit filename="SiriusEngine/PSystem/ISystem.hpp" />
		<Unit filename="SiriusEngine/PSystem/Vector2.hpp" />
		<Unit filename="SiriusEngine/PSystem/Vector2.tpp" />
		<Unit filename="SiriusEngine/SiriusEngine.hpp" />
		<Unit filename="SiriusEngine/predef.hpp" />
		<Unit filename="SiriusEngine/stdafx.hpp" />
		<Unit filename="main.cpp" />
		<Extensions>
			<code_completion />
			<envvars />
			<debugger />
			<lib_finder disable_auto="1" />
		</Extensions>
	</Project>
</CodeBlocks_project_file>
